{
  "nodes": {
    "nixpkgs": {
      "locked": {
        "lastModified": 1659679466,
        "narHash": "sha256-41lRS6Z82pgKhhZP21RuybzTzMEzdpEfzOGqmz2vVpE=",
        "owner": "nixos",
        "repo": "nixpkgs",
        "rev": "3185ec6a67d77a4e2828d6aa5018edbb0a570d67",
        "type": "github"
      },
      "original": {
        "owner": "nixos",
        "repo": "nixpkgs",
        "type": "github"
      }
    },
    "root": {
      "inputs": {
        "nixpkgs": "nixpkgs"
      }
    }
  },
  "root": "root",
  "version": 7
}
